
Microsoft Visual Studio Solution File, Format Version 12.00
# Visual Studio Version 17
VisualStudioVersion = 17.9.34723.18
MinimumVisualStudioVersion = 10.0.40219.1
Project("{FAE04EC0-301F-11D3-BF4B-00C04F79EFBC}") = "VollandAPI", "VollandAPI.csproj", "{C58ED670-16C0-4C49-979E-7A4C89BC28E4}"
EndProject
Global
	GlobalSection(SolutionConfigurationPlatforms) = preSolution
		Debug|Any CPU = Debug|Any CPU
		Release|Any CPU = Release|Any CPU
	EndGlobalSection
	GlobalSection(ProjectConfigurationPlatforms) = postSolution
		{C58ED670-16C0-4C49-979E-7A4C89BC28E4}.Debug|Any CPU.ActiveCfg = Debug|Any CPU
		{C58ED670-16C0-4C49-979E-7A4C89BC28E4}.Debug|Any CPU.Build.0 = Debug|Any CPU
		{C58ED670-16C0-4C49-979E-7A4C89BC28E4}.Release|Any CPU.ActiveCfg = Release|Any CPU
		{C58ED670-16C0-4C49-979E-7A4C89BC28E4}.Release|Any CPU.Build.0 = Release|Any CPU
	EndGlobalSection
	GlobalSection(SolutionProperties) = preSolution
		HideSolutionNode = FALSE
	EndGlobalSection
	GlobalSection(ExtensibilityGlobals) = postSolution
		SolutionGuid = {788E0660-CE96-44F0-AAB3-0EE3456DE781}
	EndGlobalSection
EndGlobal
